
Microsoft Visual Studio Solution File, Format Version 12.00
# Visual Studio Version 17
VisualStudioVersion = 17.6.33723.286
MinimumVisualStudioVersion = 10.0.40219.1
Project("{FAE04EC0-301F-11D3-BF4B-00C04F79EFBC}") = "LinqTopApp", "LinqTopApp.csproj", "{95958599-6DFA-4108-9770-91357294CBCB}"
EndProject
Global
	GlobalSection(SolutionConfigurationPlatforms) = preSolution
		Debug|Any CPU = Debug|Any CPU
		Release|Any CPU = Release|Any CPU
	EndGlobalSection
	GlobalSection(ProjectConfigurationPlatforms) = postSolution
		{95958599-6DFA-4108-9770-91357294CBCB}.Debug|Any CPU.ActiveCfg = Debug|Any CPU
		{95958599-6DFA-4108-9770-91357294CBCB}.Debug|Any CPU.Build.0 = Debug|Any CPU
		{95958599-6DFA-4108-9770-91357294CBCB}.Release|Any CPU.ActiveCfg = Release|Any CPU
		{95958599-6DFA-4108-9770-91357294CBCB}.Release|Any CPU.Build.0 = Release|Any CPU
	EndGlobalSection
	GlobalSection(SolutionProperties) = preSolution
		HideSolutionNode = FALSE
	EndGlobalSection
	GlobalSection(ExtensibilityGlobals) = postSolution
		SolutionGuid = {5CC3B074-7BA6-4C07-AA7D-7DA6A3953A7C}
	EndGlobalSection
EndGlobal
